
Microsoft Visual Studio Solution File, Format Version 11.00
# Visual Studio 2010
Project("{FAE04EC0-301F-11D3-BF4B-00C04F79EFBC}") = "Assembly-CSharp", "Assembly-CSharp.csproj", "{0A40526A-0AC1-2A65-BB83-ACFE571CA24C}"
EndProject
Project("{FAE04EC0-301F-11D3-BF4B-00C04F79EFBC}") = "PhotonUnityNetworking.Demos", "PhotonUnityNetworking.Demos.csproj", "{B7AD37A1-F41B-239F-6DF6-84032657427D}"
EndProject
Project("{FAE04EC0-301F-11D3-BF4B-00C04F79EFBC}") = "PhotonUnityNetworking.Utilities", "PhotonUnityNetworking.Utilities.csproj", "{A4599AEC-3BF4-3256-3E0A-73D5DF2C6DDF}"
EndProject
Project("{FAE04EC0-301F-11D3-BF4B-00C04F79EFBC}") = "PhotonChat", "PhotonChat.csproj", "{2720F905-E7F7-1C3D-B8A5-6827A1BE2A59}"
EndProject
Project("{FAE04EC0-301F-11D3-BF4B-00C04F79EFBC}") = "PhotonUnityNetworking", "PhotonUnityNetworking.csproj", "{B9EB28C3-50E0-1D6A-3FDD-E777E91BDBBC}"
EndProject
Project("{FAE04EC0-301F-11D3-BF4B-00C04F79EFBC}") = "PhotonRealtime", "PhotonRealtime.csproj", "{C5099322-F93A-4DE6-430F-7728E6BC6DDE}"
EndProject
Project("{FAE04EC0-301F-11D3-BF4B-00C04F79EFBC}") = "PhotonWebSocket", "PhotonWebSocket.csproj", "{ED5A10B0-F0E1-42AA-720F-86C0164A5714}"
EndProject
Project("{FAE04EC0-301F-11D3-BF4B-00C04F79EFBC}") = "PhotonUnityNetworking.Editor", "PhotonUnityNetworking.Editor.csproj", "{2F5EC060-3875-050E-E3ED-3966E7C7F071}"
EndProject
Project("{FAE04EC0-301F-11D3-BF4B-00C04F79EFBC}") = "PunDemos.DemoHubEditor", "PunDemos.DemoHubEditor.csproj", "{5B9CD89C-D820-13F0-2EAF-D0AA0073F59C}"
EndProject
Project("{FAE04EC0-301F-11D3-BF4B-00C04F79EFBC}") = "PhotonUnityNetworking.Utilities.PhotonPlayer.Editor", "PhotonUnityNetworking.Utilities.PhotonPlayer.Editor.csproj", "{2D12837F-F684-29A7-DA4D-59F27D17A243}"
EndProject
Project("{FAE04EC0-301F-11D3-BF4B-00C04F79EFBC}") = "PhotonUnityNetworking.Utilities.Culling.Editor", "PhotonUnityNetworking.Utilities.Culling.Editor.csproj", "{7A1B5A25-26D6-23F6-2CE1-35B1E1AC1B86}"
EndProject
Project("{FAE04EC0-301F-11D3-BF4B-00C04F79EFBC}") = "PunDemos.DemoSlotcarEditor", "PunDemos.DemoSlotcarEditor.csproj", "{C49EBE34-43AA-98FE-C385-DBF23FAE4F4A}"
EndProject
Global
	GlobalSection(SolutionConfigurationPlatforms) = preSolution
		Debug|Any CPU = Debug|Any CPU
		Release|Any CPU = Release|Any CPU
	EndGlobalSection
	GlobalSection(ProjectConfigurationPlatforms) = postSolution
		{0A40526A-0AC1-2A65-BB83-ACFE571CA24C}.Debug|Any CPU.ActiveCfg = Debug|Any CPU
		{0A40526A-0AC1-2A65-BB83-ACFE571CA24C}.Debug|Any CPU.Build.0 = Debug|Any CPU
		{0A40526A-0AC1-2A65-BB83-ACFE571CA24C}.Release|Any CPU.ActiveCfg = Release|Any CPU
		{0A40526A-0AC1-2A65-BB83-ACFE571CA24C}.Release|Any CPU.Build.0 = Release|Any CPU
		{B7AD37A1-F41B-239F-6DF6-84032657427D}.Debug|Any CPU.ActiveCfg = Debug|Any CPU
		{B7AD37A1-F41B-239F-6DF6-84032657427D}.Debug|Any CPU.Build.0 = Debug|Any CPU
		{B7AD37A1-F41B-239F-6DF6-84032657427D}.Release|Any CPU.ActiveCfg = Release|Any CPU
		{B7AD37A1-F41B-239F-6DF6-84032657427D}.Release|Any CPU.Build.0 = Release|Any CPU
		{A4599AEC-3BF4-3256-3E0A-73D5DF2C6DDF}.Debug|Any CPU.ActiveCfg = Debug|Any CPU
		{A4599AEC-3BF4-3256-3E0A-73D5DF2C6DDF}.Debug|Any CPU.Build.0 = Debug|Any CPU
		{A4599AEC-3BF4-3256-3E0A-73D5DF2C6DDF}.Release|Any CPU.ActiveCfg = Release|Any CPU
		{A4599AEC-3BF4-3256-3E0A-73D5DF2C6DDF}.Release|Any CPU.Build.0 = Release|Any CPU
		{2720F905-E7F7-1C3D-B8A5-6827A1BE2A59}.Debug|Any CPU.ActiveCfg = Debug|Any CPU
		{2720F905-E7F7-1C3D-B8A5-6827A1BE2A59}.Debug|Any CPU.Build.0 = Debug|Any CPU
		{2720F905-E7F7-1C3D-B8A5-6827A1BE2A59}.Release|Any CPU.ActiveCfg = Release|Any CPU
		{2720F905-E7F7-1C3D-B8A5-6827A1BE2A59}.Release|Any CPU.Build.0 = Release|Any CPU
		{B9EB28C3-50E0-1D6A-3FDD-E777E91BDBBC}.Debug|Any CPU.ActiveCfg = Debug|Any CPU
		{B9EB28C3-50E0-1D6A-3FDD-E777E91BDBBC}.Debug|Any CPU.Build.0 = Debug|Any CPU
		{B9EB28C3-50E0-1D6A-3FDD-E777E91BDBBC}.Release|Any CPU.ActiveCfg = Release|Any CPU
		{B9EB28C3-50E0-1D6A-3FDD-E777E91BDBBC}.Release|Any CPU.Build.0 = Release|Any CPU
		{C5099322-F93A-4DE6-430F-7728E6BC6DDE}.Debug|Any CPU.ActiveCfg = Debug|Any CPU
		{C5099322-F93A-4DE6-430F-7728E6BC6DDE}.Debug|Any CPU.Build.0 = Debug|Any CPU
		{C5099322-F93A-4DE6-430F-7728E6BC6DDE}.Release|Any CPU.ActiveCfg = Release|Any CPU
		{C5099322-F93A-4DE6-430F-7728E6BC6DDE}.Release|Any CPU.Build.0 = Release|Any CPU
		{ED5A10B0-F0E1-42AA-720F-86C0164A5714}.Debug|Any CPU.ActiveCfg = Debug|Any CPU
		{ED5A10B0-F0E1-42AA-720F-86C0164A5714}.Debug|Any CPU.Build.0 = Debug|Any CPU
		{ED5A10B0-F0E1-42AA-720F-86C0164A5714}.Release|Any CPU.ActiveCfg = Release|Any CPU
		{ED5A10B0-F0E1-42AA-720F-86C0164A5714}.Release|Any CPU.Build.0 = Release|Any CPU
		{2F5EC060-3875-050E-E3ED-3966E7C7F071}.Debug|Any CPU.ActiveCfg = Debug|Any CPU
		{2F5EC060-3875-050E-E3ED-3966E7C7F071}.Debug|Any CPU.Build.0 = Debug|Any CPU
		{2F5EC060-3875-050E-E3ED-3966E7C7F071}.Release|Any CPU.ActiveCfg = Release|Any CPU
		{2F5EC060-3875-050E-E3ED-3966E7C7F071}.Release|Any CPU.Build.0 = Release|Any CPU
		{5B9CD89C-D820-13F0-2EAF-D0AA0073F59C}.Debug|Any CPU.ActiveCfg = Debug|Any CPU
		{5B9CD89C-D820-13F0-2EAF-D0AA0073F59C}.Debug|Any CPU.Build.0 = Debug|Any CPU
		{5B9CD89C-D820-13F0-2EAF-D0AA0073F59C}.Release|Any CPU.ActiveCfg = Release|Any CPU
		{5B9CD89C-D820-13F0-2EAF-D0AA0073F59C}.Release|Any CPU.Build.0 = Release|Any CPU
		{2D12837F-F684-29A7-DA4D-59F27D17A243}.Debug|Any CPU.ActiveCfg = Debug|Any CPU
		{2D12837F-F684-29A7-DA4D-59F27D17A243}.Debug|Any CPU.Build.0 = Debug|Any CPU
		{2D12837F-F684-29A7-DA4D-59F27D17A243}.Release|Any CPU.ActiveCfg = Release|Any CPU
		{2D12837F-F684-29A7-DA4D-59F27D17A243}.Release|Any CPU.Build.0 = Release|Any CPU
		{7A1B5A25-26D6-23F6-2CE1-35B1E1AC1B86}.Debug|Any CPU.ActiveCfg = Debug|Any CPU
		{7A1B5A25-26D6-23F6-2CE1-35B1E1AC1B86}.Debug|Any CPU.Build.0 = Debug|Any CPU
		{7A1B5A25-26D6-23F6-2CE1-35B1E1AC1B86}.Release|Any CPU.ActiveCfg = Release|Any CPU
		{7A1B5A25-26D6-23F6-2CE1-35B1E1AC1B86}.Release|Any CPU.Build.0 = Release|Any CPU
		{C49EBE34-43AA-98FE-C385-DBF23FAE4F4A}.Debug|Any CPU.ActiveCfg = Debug|Any CPU
		{C49EBE34-43AA-98FE-C385-DBF23FAE4F4A}.Debug|Any CPU.Build.0 = Debug|Any CPU
		{C49EBE34-43AA-98FE-C385-DBF23FAE4F4A}.Release|Any CPU.ActiveCfg = Release|Any CPU
		{C49EBE34-43AA-98FE-C385-DBF23FAE4F4A}.Release|Any CPU.Build.0 = Release|Any CPU
	EndGlobalSection
	GlobalSection(SolutionProperties) = preSolution
		HideSolutionNode = FALSE
	EndGlobalSection
EndGlobal
