
Microsoft Visual Studio Solution File, Format Version 11.00
# Visual Studio 2010
Project("{FAE04EC0-301F-11D3-BF4B-00C04F79EFBC}") = "Assembly-CSharp", "Assembly-CSharp.csproj", "{8BF658D4-3B54-6F43-227D-B900C37E9D78}"
EndProject
Project("{FAE04EC0-301F-11D3-BF4B-00C04F79EFBC}") = "PhotonUnityNetworking.Demos", "PhotonUnityNetworking.Demos.csproj", "{68576123-6EEF-D2A3-CF5D-02A087AD2260}"
EndProject
Project("{FAE04EC0-301F-11D3-BF4B-00C04F79EFBC}") = "PhotonUnityNetworking.Utilities", "PhotonUnityNetworking.Utilities.csproj", "{0461C2AE-8E7E-8BC1-119A-0DBC13A9DB53}"
EndProject
Project("{FAE04EC0-301F-11D3-BF4B-00C04F79EFBC}") = "PhotonChat", "PhotonChat.csproj", "{07F871CB-25F7-1BA5-FC2F-2D2F3FC089CA}"
EndProject
Project("{FAE04EC0-301F-11D3-BF4B-00C04F79EFBC}") = "PhotonUnityNetworking", "PhotonUnityNetworking.csproj", "{F43161B1-1C94-8B51-58DC-0DD7A9A51E88}"
EndProject
Project("{FAE04EC0-301F-11D3-BF4B-00C04F79EFBC}") = "PhotonRealtime", "PhotonRealtime.csproj", "{869D2CC9-869D-6135-05EC-EC0027557439}"
EndProject
Project("{FAE04EC0-301F-11D3-BF4B-00C04F79EFBC}") = "PhotonWebSocket", "PhotonWebSocket.csproj", "{D80E1A5D-5DD0-6EC6-02FF-FE8E5DABF258}"
EndProject
Project("{FAE04EC0-301F-11D3-BF4B-00C04F79EFBC}") = "PhotonUnityNetworking.Editor", "PhotonUnityNetworking.Editor.csproj", "{278CC960-4DCF-C0F6-E8E6-236FD2CED6A0}"
EndProject
Project("{FAE04EC0-301F-11D3-BF4B-00C04F79EFBC}") = "PunDemos.DemoHubEditor", "PunDemos.DemoHubEditor.csproj", "{62DB8CDF-95D9-8B20-81FD-7DF967ED19C4}"
EndProject
Project("{FAE04EC0-301F-11D3-BF4B-00C04F79EFBC}") = "PhotonUnityNetworking.Utilities.PhotonPlayer.Editor", "PhotonUnityNetworking.Utilities.PhotonPlayer.Editor.csproj", "{97CD1DB2-09FB-35C9-93B9-75CD260936F7}"
EndProject
Project("{FAE04EC0-301F-11D3-BF4B-00C04F79EFBC}") = "PhotonUnityNetworking.Utilities.Culling.Editor", "PhotonUnityNetworking.Utilities.Culling.Editor.csproj", "{0E0EBF0F-250A-F0B7-4112-22E880A5851C}"
EndProject
Project("{FAE04EC0-301F-11D3-BF4B-00C04F79EFBC}") = "PunDemos.DemoSlotcarEditor", "PunDemos.DemoSlotcarEditor.csproj", "{0C5E7AF0-7E59-6F17-9AEF-18C3AF93F1FE}"
EndProject
Global
	GlobalSection(SolutionConfigurationPlatforms) = preSolution
		Debug|Any CPU = Debug|Any CPU
		Release|Any CPU = Release|Any CPU
	EndGlobalSection
	GlobalSection(ProjectConfigurationPlatforms) = postSolution
		{8BF658D4-3B54-6F43-227D-B900C37E9D78}.Debug|Any CPU.ActiveCfg = Debug|Any CPU
		{8BF658D4-3B54-6F43-227D-B900C37E9D78}.Debug|Any CPU.Build.0 = Debug|Any CPU
		{8BF658D4-3B54-6F43-227D-B900C37E9D78}.Release|Any CPU.ActiveCfg = Release|Any CPU
		{8BF658D4-3B54-6F43-227D-B900C37E9D78}.Release|Any CPU.Build.0 = Release|Any CPU
		{68576123-6EEF-D2A3-CF5D-02A087AD2260}.Debug|Any CPU.ActiveCfg = Debug|Any CPU
		{68576123-6EEF-D2A3-CF5D-02A087AD2260}.Debug|Any CPU.Build.0 = Debug|Any CPU
		{68576123-6EEF-D2A3-CF5D-02A087AD2260}.Release|Any CPU.ActiveCfg = Release|Any CPU
		{68576123-6EEF-D2A3-CF5D-02A087AD2260}.Release|Any CPU.Build.0 = Release|Any CPU
		{0461C2AE-8E7E-8BC1-119A-0DBC13A9DB53}.Debug|Any CPU.ActiveCfg = Debug|Any CPU
		{0461C2AE-8E7E-8BC1-119A-0DBC13A9DB53}.Debug|Any CPU.Build.0 = Debug|Any CPU
		{0461C2AE-8E7E-8BC1-119A-0DBC13A9DB53}.Release|Any CPU.ActiveCfg = Release|Any CPU
		{0461C2AE-8E7E-8BC1-119A-0DBC13A9DB53}.Release|Any CPU.Build.0 = Release|Any CPU
		{07F871CB-25F7-1BA5-FC2F-2D2F3FC089CA}.Debug|Any CPU.ActiveCfg = Debug|Any CPU
		{07F871CB-25F7-1BA5-FC2F-2D2F3FC089CA}.Debug|Any CPU.Build.0 = Debug|Any CPU
		{07F871CB-25F7-1BA5-FC2F-2D2F3FC089CA}.Release|Any CPU.ActiveCfg = Release|Any CPU
		{07F871CB-25F7-1BA5-FC2F-2D2F3FC089CA}.Release|Any CPU.Build.0 = Release|Any CPU
		{F43161B1-1C94-8B51-58DC-0DD7A9A51E88}.Debug|Any CPU.ActiveCfg = Debug|Any CPU
		{F43161B1-1C94-8B51-58DC-0DD7A9A51E88}.Debug|Any CPU.Build.0 = Debug|Any CPU
		{F43161B1-1C94-8B51-58DC-0DD7A9A51E88}.Release|Any CPU.ActiveCfg = Release|Any CPU
		{F43161B1-1C94-8B51-58DC-0DD7A9A51E88}.Release|Any CPU.Build.0 = Release|Any CPU
		{869D2CC9-869D-6135-05EC-EC0027557439}.Debug|Any CPU.ActiveCfg = Debug|Any CPU
		{869D2CC9-869D-6135-05EC-EC0027557439}.Debug|Any CPU.Build.0 = Debug|Any CPU
		{869D2CC9-869D-6135-05EC-EC0027557439}.Release|Any CPU.ActiveCfg = Release|Any CPU
		{869D2CC9-869D-6135-05EC-EC0027557439}.Release|Any CPU.Build.0 = Release|Any CPU
		{D80E1A5D-5DD0-6EC6-02FF-FE8E5DABF258}.Debug|Any CPU.ActiveCfg = Debug|Any CPU
		{D80E1A5D-5DD0-6EC6-02FF-FE8E5DABF258}.Debug|Any CPU.Build.0 = Debug|Any CPU
		{D80E1A5D-5DD0-6EC6-02FF-FE8E5DABF258}.Release|Any CPU.ActiveCfg = Release|Any CPU
		{D80E1A5D-5DD0-6EC6-02FF-FE8E5DABF258}.Release|Any CPU.Build.0 = Release|Any CPU
		{278CC960-4DCF-C0F6-E8E6-236FD2CED6A0}.Debug|Any CPU.ActiveCfg = Debug|Any CPU
		{278CC960-4DCF-C0F6-E8E6-236FD2CED6A0}.Debug|Any CPU.Build.0 = Debug|Any CPU
		{278CC960-4DCF-C0F6-E8E6-236FD2CED6A0}.Release|Any CPU.ActiveCfg = Release|Any CPU
		{278CC960-4DCF-C0F6-E8E6-236FD2CED6A0}.Release|Any CPU.Build.0 = Release|Any CPU
		{62DB8CDF-95D9-8B20-81FD-7DF967ED19C4}.Debug|Any CPU.ActiveCfg = Debug|Any CPU
		{62DB8CDF-95D9-8B20-81FD-7DF967ED19C4}.Debug|Any CPU.Build.0 = Debug|Any CPU
		{62DB8CDF-95D9-8B20-81FD-7DF967ED19C4}.Release|Any CPU.ActiveCfg = Release|Any CPU
		{62DB8CDF-95D9-8B20-81FD-7DF967ED19C4}.Release|Any CPU.Build.0 = Release|Any CPU
		{97CD1DB2-09FB-35C9-93B9-75CD260936F7}.Debug|Any CPU.ActiveCfg = Debug|Any CPU
		{97CD1DB2-09FB-35C9-93B9-75CD260936F7}.Debug|Any CPU.Build.0 = Debug|Any CPU
		{97CD1DB2-09FB-35C9-93B9-75CD260936F7}.Release|Any CPU.ActiveCfg = Release|Any CPU
		{97CD1DB2-09FB-35C9-93B9-75CD260936F7}.Release|Any CPU.Build.0 = Release|Any CPU
		{0E0EBF0F-250A-F0B7-4112-22E880A5851C}.Debug|Any CPU.ActiveCfg = Debug|Any CPU
		{0E0EBF0F-250A-F0B7-4112-22E880A5851C}.Debug|Any CPU.Build.0 = Debug|Any CPU
		{0E0EBF0F-250A-F0B7-4112-22E880A5851C}.Release|Any CPU.ActiveCfg = Release|Any CPU
		{0E0EBF0F-250A-F0B7-4112-22E880A5851C}.Release|Any CPU.Build.0 = Release|Any CPU
		{0C5E7AF0-7E59-6F17-9AEF-18C3AF93F1FE}.Debug|Any CPU.ActiveCfg = Debug|Any CPU
		{0C5E7AF0-7E59-6F17-9AEF-18C3AF93F1FE}.Debug|Any CPU.Build.0 = Debug|Any CPU
		{0C5E7AF0-7E59-6F17-9AEF-18C3AF93F1FE}.Release|Any CPU.ActiveCfg = Release|Any CPU
		{0C5E7AF0-7E59-6F17-9AEF-18C3AF93F1FE}.Release|Any CPU.Build.0 = Release|Any CPU
	EndGlobalSection
	GlobalSection(SolutionProperties) = preSolution
		HideSolutionNode = FALSE
	EndGlobalSection
EndGlobal
