
Microsoft Visual Studio Solution File, Format Version 12.00
# Visual Studio 15
Project("{FAE04EC0-301F-11D3-BF4B-00C04F79EFBC}") = "PhotonUnityNetworking.Demos", "PhotonUnityNetworking.Demos.csproj", "{0F588773-79D2-4023-6F11-C429394C6E22}"
EndProject
Project("{FAE04EC0-301F-11D3-BF4B-00C04F79EFBC}") = "PhotonUnityNetworking.Utilities", "PhotonUnityNetworking.Utilities.csproj", "{EE24997E-9742-5507-571C-9E2A9896CA85}"
EndProject
Project("{FAE04EC0-301F-11D3-BF4B-00C04F79EFBC}") = "PhotonChat", "PhotonChat.csproj", "{6E46FEFB-6DD6-30E2-F3DE-42CADBEAA123}"
EndProject
Project("{FAE04EC0-301F-11D3-BF4B-00C04F79EFBC}") = "PhotonUnityNetworking", "PhotonUnityNetworking.csproj", "{96EB8D73-1B25-53E6-8FA6-D7FEE222647F}"
EndProject
Project("{FAE04EC0-301F-11D3-BF4B-00C04F79EFBC}") = "Assembly-CSharp", "Assembly-CSharp.csproj", "{830F1952-4188-B014-107A-4ABA3F1D6D3B}"
EndProject
Project("{FAE04EC0-301F-11D3-BF4B-00C04F79EFBC}") = "PhotonRealtime", "PhotonRealtime.csproj", "{659A7DC3-BBCC-BE3E-B222-8582E0F7D4A6}"
EndProject
Project("{FAE04EC0-301F-11D3-BF4B-00C04F79EFBC}") = "PhotonWebSocket", "PhotonWebSocket.csproj", "{45A86E82-4195-81EC-EED0-F30638A478E6}"
EndProject
Project("{FAE04EC0-301F-11D3-BF4B-00C04F79EFBC}") = "PhotonUnityNetworking.Editor", "PhotonUnityNetworking.Editor.csproj", "{96658EE8-82D1-BD5E-CBC0-D749D643F2EB}"
EndProject
Project("{FAE04EC0-301F-11D3-BF4B-00C04F79EFBC}") = "PunDemos.DemoHubEditor", "PunDemos.DemoHubEditor.csproj", "{FABFF9E8-457A-936B-1DC8-DF7768E4F2BB}"
EndProject
Project("{FAE04EC0-301F-11D3-BF4B-00C04F79EFBC}") = "PhotonUnityNetworking.Utilities.PhotonPlayer.Editor", "PhotonUnityNetworking.Utilities.PhotonPlayer.Editor.csproj", "{5A23C8E0-B0FE-67A8-F919-92397EB61F8A}"
EndProject
Project("{FAE04EC0-301F-11D3-BF4B-00C04F79EFBC}") = "PhotonUnityNetworking.Utilities.Culling.Editor", "PhotonUnityNetworking.Utilities.Culling.Editor.csproj", "{759324FE-F0CD-C7A7-F191-2DB9A161F4DF}"
EndProject
Project("{FAE04EC0-301F-11D3-BF4B-00C04F79EFBC}") = "PunDemos.DemoSlotcarEditor", "PunDemos.DemoSlotcarEditor.csproj", "{249779EC-70D6-010F-6E76-8520CF66A10D}"
EndProject
Global
	GlobalSection(SolutionConfigurationPlatforms) = preSolution
		Debug|Any CPU = Debug|Any CPU
		Release|Any CPU = Release|Any CPU
	EndGlobalSection
	GlobalSection(ProjectConfigurationPlatforms) = postSolution
		{0F588773-79D2-4023-6F11-C429394C6E22}.Debug|Any CPU.ActiveCfg = Debug|Any CPU
		{0F588773-79D2-4023-6F11-C429394C6E22}.Debug|Any CPU.Build.0 = Debug|Any CPU
		{0F588773-79D2-4023-6F11-C429394C6E22}.Release|Any CPU.ActiveCfg = Release|Any CPU
		{0F588773-79D2-4023-6F11-C429394C6E22}.Release|Any CPU.Build.0 = Release|Any CPU
		{EE24997E-9742-5507-571C-9E2A9896CA85}.Debug|Any CPU.ActiveCfg = Debug|Any CPU
		{EE24997E-9742-5507-571C-9E2A9896CA85}.Debug|Any CPU.Build.0 = Debug|Any CPU
		{EE24997E-9742-5507-571C-9E2A9896CA85}.Release|Any CPU.ActiveCfg = Release|Any CPU
		{EE24997E-9742-5507-571C-9E2A9896CA85}.Release|Any CPU.Build.0 = Release|Any CPU
		{6E46FEFB-6DD6-30E2-F3DE-42CADBEAA123}.Debug|Any CPU.ActiveCfg = Debug|Any CPU
		{6E46FEFB-6DD6-30E2-F3DE-42CADBEAA123}.Debug|Any CPU.Build.0 = Debug|Any CPU
		{6E46FEFB-6DD6-30E2-F3DE-42CADBEAA123}.Release|Any CPU.ActiveCfg = Release|Any CPU
		{6E46FEFB-6DD6-30E2-F3DE-42CADBEAA123}.Release|Any CPU.Build.0 = Release|Any CPU
		{96EB8D73-1B25-53E6-8FA6-D7FEE222647F}.Debug|Any CPU.ActiveCfg = Debug|Any CPU
		{96EB8D73-1B25-53E6-8FA6-D7FEE222647F}.Debug|Any CPU.Build.0 = Debug|Any CPU
		{96EB8D73-1B25-53E6-8FA6-D7FEE222647F}.Release|Any CPU.ActiveCfg = Release|Any CPU
		{96EB8D73-1B25-53E6-8FA6-D7FEE222647F}.Release|Any CPU.Build.0 = Release|Any CPU
		{830F1952-4188-B014-107A-4ABA3F1D6D3B}.Debug|Any CPU.ActiveCfg = Debug|Any CPU
		{830F1952-4188-B014-107A-4ABA3F1D6D3B}.Debug|Any CPU.Build.0 = Debug|Any CPU
		{830F1952-4188-B014-107A-4ABA3F1D6D3B}.Release|Any CPU.ActiveCfg = Release|Any CPU
		{830F1952-4188-B014-107A-4ABA3F1D6D3B}.Release|Any CPU.Build.0 = Release|Any CPU
		{659A7DC3-BBCC-BE3E-B222-8582E0F7D4A6}.Debug|Any CPU.ActiveCfg = Debug|Any CPU
		{659A7DC3-BBCC-BE3E-B222-8582E0F7D4A6}.Debug|Any CPU.Build.0 = Debug|Any CPU
		{659A7DC3-BBCC-BE3E-B222-8582E0F7D4A6}.Release|Any CPU.ActiveCfg = Release|Any CPU
		{659A7DC3-BBCC-BE3E-B222-8582E0F7D4A6}.Release|Any CPU.Build.0 = Release|Any CPU
		{45A86E82-4195-81EC-EED0-F30638A478E6}.Debug|Any CPU.ActiveCfg = Debug|Any CPU
		{45A86E82-4195-81EC-EED0-F30638A478E6}.Debug|Any CPU.Build.0 = Debug|Any CPU
		{45A86E82-4195-81EC-EED0-F30638A478E6}.Release|Any CPU.ActiveCfg = Release|Any CPU
		{45A86E82-4195-81EC-EED0-F30638A478E6}.Release|Any CPU.Build.0 = Release|Any CPU
		{96658EE8-82D1-BD5E-CBC0-D749D643F2EB}.Debug|Any CPU.ActiveCfg = Debug|Any CPU
		{96658EE8-82D1-BD5E-CBC0-D749D643F2EB}.Debug|Any CPU.Build.0 = Debug|Any CPU
		{96658EE8-82D1-BD5E-CBC0-D749D643F2EB}.Release|Any CPU.ActiveCfg = Release|Any CPU
		{96658EE8-82D1-BD5E-CBC0-D749D643F2EB}.Release|Any CPU.Build.0 = Release|Any CPU
		{FABFF9E8-457A-936B-1DC8-DF7768E4F2BB}.Debug|Any CPU.ActiveCfg = Debug|Any CPU
		{FABFF9E8-457A-936B-1DC8-DF7768E4F2BB}.Debug|Any CPU.Build.0 = Debug|Any CPU
		{FABFF9E8-457A-936B-1DC8-DF7768E4F2BB}.Release|Any CPU.ActiveCfg = Release|Any CPU
		{FABFF9E8-457A-936B-1DC8-DF7768E4F2BB}.Release|Any CPU.Build.0 = Release|Any CPU
		{5A23C8E0-B0FE-67A8-F919-92397EB61F8A}.Debug|Any CPU.ActiveCfg = Debug|Any CPU
		{5A23C8E0-B0FE-67A8-F919-92397EB61F8A}.Debug|Any CPU.Build.0 = Debug|Any CPU
		{5A23C8E0-B0FE-67A8-F919-92397EB61F8A}.Release|Any CPU.ActiveCfg = Release|Any CPU
		{5A23C8E0-B0FE-67A8-F919-92397EB61F8A}.Release|Any CPU.Build.0 = Release|Any CPU
		{759324FE-F0CD-C7A7-F191-2DB9A161F4DF}.Debug|Any CPU.ActiveCfg = Debug|Any CPU
		{759324FE-F0CD-C7A7-F191-2DB9A161F4DF}.Debug|Any CPU.Build.0 = Debug|Any CPU
		{759324FE-F0CD-C7A7-F191-2DB9A161F4DF}.Release|Any CPU.ActiveCfg = Release|Any CPU
		{759324FE-F0CD-C7A7-F191-2DB9A161F4DF}.Release|Any CPU.Build.0 = Release|Any CPU
		{249779EC-70D6-010F-6E76-8520CF66A10D}.Debug|Any CPU.ActiveCfg = Debug|Any CPU
		{249779EC-70D6-010F-6E76-8520CF66A10D}.Debug|Any CPU.Build.0 = Debug|Any CPU
		{249779EC-70D6-010F-6E76-8520CF66A10D}.Release|Any CPU.ActiveCfg = Release|Any CPU
		{249779EC-70D6-010F-6E76-8520CF66A10D}.Release|Any CPU.Build.0 = Release|Any CPU
	EndGlobalSection
	GlobalSection(SolutionProperties) = preSolution
		HideSolutionNode = FALSE
	EndGlobalSection
EndGlobal
